// !$*UTF8*$!
{
	archiveVersion = 1;
	classes = {
	};
	objectVersion = 50;
	objects = {

/* Begin PBXBuildFile section */
		63985130230B20A60015A46B /* AppDelegate.m in Sources */ = {isa = PBXBuildFile; fileRef = 6398512F230B20A60015A46B /* AppDelegate.m */; };
		63985136230B20A60015A46B /* Main.storyboard in Resources */ = {isa = PBXBuildFile; fileRef = 63985134230B20A60015A46B /* Main.storyboard */; };
		63985138230B20A70015A46B /* Assets.xcassets in Resources */ = {isa = PBXBuildFile; fileRef = 63985137230B20A70015A46B /* Assets.xcassets */; };
		6398513B230B20A70015A46B /* LaunchScreen.storyboard in Resources */ = {isa = PBXBuildFile; fileRef = 63985139230B20A70015A46B /* LaunchScreen.storyboard */; };
		6398513E230B20A70015A46B /* main.m in Sources */ = {isa = PBXBuildFile; fileRef = 6398513D230B20A70015A46B /* main.m */; };
		6398514A230B22240015A46B /* Entry.m in Sources */ = {isa = PBXBuildFile; fileRef = 63985149230B22240015A46B /* Entry.m */; };
		6398514D230B28690015A46B /* EntryController.m in Sources */ = {isa = PBXBuildFile; fileRef = 6398514C230B28690015A46B /* EntryController.m */; };
		63985150230B44E20015A46B /* EntryTableViewController.m in Sources */ = {isa = PBXBuildFile; fileRef = 6398514F230B44E20015A46B /* EntryTableViewController.m */; };
/* End PBXBuildFile section */

/* Begin PBXFileReference section */
		6398512B230B20A60015A46B /* JournalObjC.app */ = {isa = PBXFileReference; explicitFileType = wrapper.application; includeInIndex = 0; path = JournalObjC.app; sourceTree = BUILT_PRODUCTS_DIR; };
		6398512E230B20A60015A46B /* AppDelegate.h */ = {isa = PBXFileReference; lastKnownFileType = sourcecode.c.h; path = AppDelegate.h; sourceTree = "<group>"; };
		6398512F230B20A60015A46B /* AppDelegate.m */ = {isa = PBXFileReference; lastKnownFileType = sourcecode.c.objc; path = AppDelegate.m; sourceTree = "<group>"; };
		63985135230B20A60015A46B /* Base */ = {isa = PBXFileReference; lastKnownFileType = file.storyboard; name = Base; path = Base.lproj/Main.storyboard; sourceTree = "<group>"; };
		63985137230B20A70015A46B /* Assets.xcassets */ = {isa = PBXFileReference; lastKnownFileType = folder.assetcatalog; path = Assets.xcassets; sourceTree = "<group>"; };
		6398513A230B20A70015A46B /* Base */ = {isa = PBXFileReference; lastKnownFileType = file.storyboard; name = Base; path = Base.lproj/LaunchScreen.storyboard; sourceTree = "<group>"; };
		6398513C230B20A70015A46B /* Info.plist */ = {isa = PBXFileReference; lastKnownFileType = text.plist.xml; path = Info.plist; sourceTree = "<group>"; };
		6398513D230B20A70015A46B /* main.m */ = {isa = PBXFileReference; lastKnownFileType = sourcecode.c.objc; path = main.m; sourceTree = "<group>"; };
		63985148230B22240015A46B /* Entry.h */ = {isa = PBXFileReference; lastKnownFileType = sourcecode.c.h; path = Entry.h; sourceTree = "<group>"; };
		63985149230B22240015A46B /* Entry.m */ = {isa = PBXFileReference; lastKnownFileType = sourcecode.c.objc; path = Entry.m; sourceTree = "<group>"; };
		6398514B230B28690015A46B /* EntryController.h */ = {isa = PBXFileReference; lastKnownFileType = sourcecode.c.h; path = EntryController.h; sourceTree = "<group>"; };
		6398514C230B28690015A46B /* EntryController.m */ = {isa = PBXFileReference; lastKnownFileType = sourcecode.c.objc; path = EntryController.m; sourceTree = "<group>"; };
		6398514E230B44E20015A46B /* EntryTableViewController.h */ = {isa = PBXFileReference; lastKnownFileType = sourcecode.c.h; path = EntryTableViewController.h; sourceTree = "<group>"; };
		6398514F230B44E20015A46B /* EntryTableViewController.m */ = {isa = PBXFileReference; lastKnownFileType = sourcecode.c.objc; path = EntryTableViewController.m; sourceTree = "<group>"; };
/* End PBXFileReference section */

/* Begin PBXFrameworksBuildPhase section */
		63985128230B20A60015A46B /* Frameworks */ = {
			isa = PBXFrameworksBuildPhase;
			buildActionMask = 2147483647;
			files = (
			);
			runOnlyForDeploymentPostprocessing = 0;
		};
/* End PBXFrameworksBuildPhase section */

/* Begin PBXGroup section */
		63985122230B20A60015A46B = {
			isa = PBXGroup;
			children = (
				6398512D230B20A60015A46B /* JournalObjC */,
				6398512C230B20A60015A46B /* Products */,
			);
			sourceTree = "<group>";
		};
		6398512C230B20A60015A46B /* Products */ = {
			isa = PBXGroup;
			children = (
				6398512B230B20A60015A46B /* JournalObjC.app */,
			);
			name = Products;
			sourceTree = "<group>";
		};
		6398512D230B20A60015A46B /* JournalObjC */ = {
			isa = PBXGroup;
			children = (
				63985147230B21220015A46B /* Views */,
				63985146230B211B0015A46B /* ModelController */,
				63985145230B21160015A46B /* Model */,
				63985144230B21070015A46B /* Resources */,
				63985134230B20A60015A46B /* Main.storyboard */,
			);
			path = JournalObjC;
			sourceTree = "<group>";
		};
		63985144230B21070015A46B /* Resources */ = {
			isa = PBXGroup;
			children = (
				6398512E230B20A60015A46B /* AppDelegate.h */,
				6398512F230B20A60015A46B /* AppDelegate.m */,
				63985137230B20A70015A46B /* Assets.xcassets */,
				63985139230B20A70015A46B /* LaunchScreen.storyboard */,
				6398513C230B20A70015A46B /* Info.plist */,
				6398513D230B20A70015A46B /* main.m */,
			);
			path = Resources;
			sourceTree = "<group>";
		};
		63985145230B21160015A46B /* Model */ = {
			isa = PBXGroup;
			children = (
				63985148230B22240015A46B /* Entry.h */,
				63985149230B22240015A46B /* Entry.m */,
			);
			path = Model;
			sourceTree = "<group>";
		};
		63985146230B211B0015A46B /* ModelController */ = {
			isa = PBXGroup;
			children = (
				6398514B230B28690015A46B /* EntryController.h */,
				6398514C230B28690015A46B /* EntryController.m */,
			);
			path = ModelController;
			sourceTree = "<group>";
		};
		63985147230B21220015A46B /* Views */ = {
			isa = PBXGroup;
			children = (
				6398514E230B44E20015A46B /* EntryTableViewController.h */,
				6398514F230B44E20015A46B /* EntryTableViewController.m */,
			);
			path = Views;
			sourceTree = "<group>";
		};
/* End PBXGroup section */

/* Begin PBXNativeTarget section */
		6398512A230B20A60015A46B /* JournalObjC */ = {
			isa = PBXNativeTarget;
			buildConfigurationList = 63985141230B20A70015A46B /* Build configuration list for PBXNativeTarget "JournalObjC" */;
			buildPhases = (
				63985127230B20A60015A46B /* Sources */,
				63985128230B20A60015A46B /* Frameworks */,
				63985129230B20A60015A46B /* Resources */,
			);
			buildRules = (
			);
			dependencies = (
			);
			name = JournalObjC;
			productName = JournalObjC;
			productReference = 6398512B230B20A60015A46B /* JournalObjC.app */;
			productType = "com.apple.product-type.application";
		};
/* End PBXNativeTarget section */

/* Begin PBXProject section */
		63985123230B20A60015A46B /* Project object */ = {
			isa = PBXProject;
			attributes = {
				LastUpgradeCheck = 1030;
				ORGANIZATIONNAME = "Blake kvarfordt";
				TargetAttributes = {
					6398512A230B20A60015A46B = {
						CreatedOnToolsVersion = 10.3;
					};
				};
			};
			buildConfigurationList = 63985126230B20A60015A46B /* Build configuration list for PBXProject "JournalObjC" */;
			compatibilityVersion = "Xcode 9.3";
			developmentRegion = en;
			hasScannedForEncodings = 0;
			knownRegions = (
				en,
				Base,
			);
			mainGroup = 63985122230B20A60015A46B;
			productRefGroup = 6398512C230B20A60015A46B /* Products */;
			projectDirPath = "";
			projectRoot = "";
			targets = (
				6398512A230B20A60015A46B /* JournalObjC */,
			);
		};
/* End PBXProject section */

/* Begin PBXResourcesBuildPhase section */
		63985129230B20A60015A46B /* Resources */ = {
			isa = PBXResourcesBuildPhase;
			buildActionMask = 2147483647;
			files = (
				6398513B230B20A70015A46B /* LaunchScreen.storyboard in Resources */,
				63985138230B20A70015A46B /* Assets.xcassets in Resources */,
				63985136230B20A60015A46B /* Main.storyboard in Resources */,
			);
			runOnlyForDeploymentPostprocessing = 0;
		};
/* End PBXResourcesBuildPhase section */

/* Begin PBXSourcesBuildPhase section */
		63985127230B20A60015A46B /* Sources */ = {
			isa = PBXSourcesBuildPhase;
			buildActionMask = 2147483647;
			files = (
				6398514A230B22240015A46B /* Entry.m in Sources */,
				6398513E230B20A70015A46B /* main.m in Sources */,
				6398514D230B28690015A46B /* EntryController.m in Sources */,
				63985150230B44E20015A46B /* EntryTableViewController.m in Sources */,
				63985130230B20A60015A46B /* AppDelegate.m in Sources */,
			);
			runOnlyForDeploymentPostprocessing = 0;
		};
/* End PBXSourcesBuildPhase section */

/* Begin PBXVariantGroup section */
		63985134230B20A60015A46B /* Main.storyboard */ = {
			isa = PBXVariantGroup;
			children = (
				63985135230B20A60015A46B /* Base */,
			);
			name = Main.storyboard;
			sourceTree = "<group>";
		};
		63985139230B20A70015A46B /* LaunchScreen.storyboard */ = {
			isa = PBXVariantGroup;
			children = (
				6398513A230B20A70015A46B /* Base */,
			);
			name = LaunchScreen.storyboard;
			sourceTree = "<group>";
		};
/* End PBXVariantGroup section */

/* Begin XCBuildConfiguration section */
		6398513F230B20A70015A46B /* Debug */ = {
			isa = XCBuildConfiguration;
			buildSettings = {
				ALWAYS_SEARCH_USER_PATHS = NO;
				CLANG_ANALYZER_NONNULL = YES;
				CLANG_ANALYZER_NUMBER_OBJECT_CONVERSION = YES_AGGRESSIVE;
				CLANG_CXX_LANGUAGE_STANDARD = "gnu++14";
				CLANG_CXX_LIBRARY = "libc++";
				CLANG_ENABLE_MODULES = YES;
				CLANG_ENABLE_OBJC_ARC = YES;
				CLANG_ENABLE_OBJC_WEAK = YES;
				CLANG_WARN_BLOCK_CAPTURE_AUTORELEASING = YES;
				CLANG_WARN_BOOL_CONVERSION = YES;
				CLANG_WARN_COMMA = YES;
				CLANG_WARN_CONSTANT_CONVERSION = YES;
				CLANG_WARN_DEPRECATED_OBJC_IMPLEMENTATIONS = YES;
				CLANG_WARN_DIRECT_OBJC_ISA_USAGE = YES_ERROR;
				CLANG_WARN_DOCUMENTATION_COMMENTS = YES;
				CLANG_WARN_EMPTY_BODY = YES;
				CLANG_WARN_ENUM_CONVERSION = YES;
				CLANG_WARN_INFINITE_RECURSION = YES;
				CLANG_WARN_INT_CONVERSION = YES;
				CLANG_WARN_NON_LITERAL_NULL_CONVERSION = YES;
				CLANG_WARN_OBJC_IMPLICIT_RETAIN_SELF = YES;
				CLANG_WARN_OBJC_LITERAL_CONVERSION = YES;
				CLANG_WARN_OBJC_ROOT_CLASS = YES_ERROR;
				CLANG_WARN_RANGE_LOOP_ANALYSIS = YES;
				CLANG_WARN_STRICT_PROTOTYPES = YES;
				CLANG_WARN_SUSPICIOUS_MOVE = YES;
				CLANG_WARN_UNGUARDED_AVAILABILITY = YES_AGGRESSIVE;
				CLANG_WARN_UNREACHABLE_CODE = YES;
				CLANG_WARN__DUPLICATE_METHOD_MATCH = YES;
				CODE_SIGN_IDENTITY = "iPhone Developer";
				COPY_PHASE_STRIP = NO;
				DEBUG_INFORMATION_FORMAT = dwarf;
				ENABLE_STRICT_OBJC_MSGSEND = YES;
				ENABLE_TESTABILITY = YES;
				GCC_C_LANGUAGE_STANDARD = gnu11;
				GCC_DYNAMIC_NO_PIC = NO;
				GCC_NO_COMMON_BLOCKS = YES;
				GCC_OPTIMIZATION_LEVEL = 0;
				GCC_PREPROCESSOR_DEFINITIONS = (
					"DEBUG=1",
					"$(inherited)",
				);
				GCC_WARN_64_TO_32_BIT_CONVERSION = YES;
				GCC_WARN_ABOUT_RETURN_TYPE = YES_ERROR;
				GCC_WARN_UNDECLARED_SELECTOR = YES;
				GCC_WARN_UNINITIALIZED_AUTOS = YES_AGGRESSIVE;
				GCC_WARN_UNUSED_FUNCTION = YES;
				GCC_WARN_UNUSED_VARIABLE = YES;
				IPHONEOS_DEPLOYMENT_TARGET = 12.4;
				MTL_ENABLE_DEBUG_INFO = INCLUDE_SOURCE;
				MTL_FAST_MATH = YES;
				ONLY_ACTIVE_ARCH = YES;
				SDKROOT = iphoneos;
			};
			name = Debug;
		};
		63985140230B20A70015A46B /* Release */ = {
			isa = XCBuildConfiguration;
			buildSettings = {
				ALWAYS_SEARCH_USER_PATHS = NO;
				CLANG_ANALYZER_NONNULL = YES;
				CLANG_ANALYZER_NUMBER_OBJECT_CONVERSION = YES_AGGRESSIVE;
				CLANG_CXX_LANGUAGE_STANDARD = "gnu++14";
				CLANG_CXX_LIBRARY = "libc++";
				CLANG_ENABLE_MODULES = YES;
				CLANG_ENABLE_OBJC_ARC = YES;
				CLANG_ENABLE_OBJC_WEAK = YES;
				CLANG_WARN_BLOCK_CAPTURE_AUTORELEASING = YES;
				CLANG_WARN_BOOL_CONVERSION = YES;
				CLANG_WARN_COMMA = YES;
				CLANG_WARN_CONSTANT_CONVERSION = YES;
				CLANG_WARN_DEPRECATED_OBJC_IMPLEMENTATIONS = YES;
				CLANG_WARN_DIRECT_OBJC_ISA_USAGE = YES_ERROR;
				CLANG_WARN_DOCUMENTATION_COMMENTS = YES;
				CLANG_WARN_EMPTY_BODY = YES;
				CLANG_WARN_ENUM_CONVERSION = YES;
				CLANG_WARN_INFINITE_RECURSION = YES;
				CLANG_WARN_INT_CONVERSION = YES;
				CLANG_WARN_NON_LITERAL_NULL_CONVERSION = YES;
				CLANG_WARN_OBJC_IMPLICIT_RETAIN_SELF = YES;
				CLANG_WARN_OBJC_LITERAL_CONVERSION = YES;
				CLANG_WARN_OBJC_ROOT_CLASS = YES_ERROR;
				CLANG_WARN_RANGE_LOOP_ANALYSIS = YES;
				CLANG_WARN_STRICT_PROTOTYPES = YES;
				CLANG_WARN_SUSPICIOUS_MOVE = YES;
				CLANG_WARN_UNGUARDED_AVAILABILITY = YES_AGGRESSIVE;
				CLANG_WARN_UNREACHABLE_CODE = YES;
				CLANG_WARN__DUPLICATE_METHOD_MATCH = YES;
				CODE_SIGN_IDENTITY = "iPhone Developer";
				COPY_PHASE_STRIP = NO;
				DEBUG_INFORMATION_FORMAT = "dwarf-with-dsym";
				ENABLE_NS_ASSERTIONS = NO;
				ENABLE_STRICT_OBJC_MSGSEND = YES;
				GCC_C_LANGUAGE_STANDARD = gnu11;
				GCC_NO_COMMON_BLOCKS = YES;
				GCC_WARN_64_TO_32_BIT_CONVERSION = YES;
				GCC_WARN_ABOUT_RETURN_TYPE = YES_ERROR;
				GCC_WARN_UNDECLARED_SELECTOR = YES;
				GCC_WARN_UNINITIALIZED_AUTOS = YES_AGGRESSIVE;
				GCC_WARN_UNUSED_FUNCTION = YES;
				GCC_WARN_UNUSED_VARIABLE = YES;
				IPHONEOS_DEPLOYMENT_TARGET = 12.4;
				MTL_ENABLE_DEBUG_INFO = NO;
				MTL_FAST_MATH = YES;
				SDKROOT = iphoneos;
				VALIDATE_PRODUCT = YES;
			};
			name = Release;
		};
		63985142230B20A70015A46B /* Debug */ = {
			isa = XCBuildConfiguration;
			buildSettings = {
				ASSETCATALOG_COMPILER_APPICON_NAME = AppIcon;
				CODE_SIGN_STYLE = Automatic;
				DEVELOPMENT_TEAM = 83YG3ZQCH4;
				INFOPLIST_FILE = "$(SRCROOT)/JournalObjC/Resources/Info.plist";
				LD_RUNPATH_SEARCH_PATHS = (
					"$(inherited)",
					"@executable_path/Frameworks",
				);
				PRODUCT_BUNDLE_IDENTIFIER = com.blakekvarfordt.JournalObjC;
				PRODUCT_NAME = "$(TARGET_NAME)";
				TARGETED_DEVICE_FAMILY = "1,2";
			};
			name = Debug;
		};
		63985143230B20A70015A46B /* Release */ = {
			isa = XCBuildConfiguration;
			buildSettings = {
				ASSETCATALOG_COMPILER_APPICON_NAME = AppIcon;
				CODE_SIGN_STYLE = Automatic;
				DEVELOPMENT_TEAM = 83YG3ZQCH4;
				INFOPLIST_FILE = "$(SRCROOT)/JournalObjC/Resources/Info.plist";
				LD_RUNPATH_SEARCH_PATHS = (
					"$(inherited)",
					"@executable_path/Frameworks",
				);
				PRODUCT_BUNDLE_IDENTIFIER = com.blakekvarfordt.JournalObjC;
				PRODUCT_NAME = "$(TARGET_NAME)";
				TARGETED_DEVICE_FAMILY = "1,2";
			};
			name = Release;
		};
/* End XCBuildConfiguration section */

/* Begin XCConfigurationList section */
		63985126230B20A60015A46B /* Build configuration list for PBXProject "JournalObjC" */ = {
			isa = XCConfigurationList;
			buildConfigurations = (
				6398513F230B20A70015A46B /* Debug */,
				63985140230B20A70015A46B /* Release */,
			);
			defaultConfigurationIsVisible = 0;
			defaultConfigurationName = Release;
		};
		63985141230B20A70015A46B /* Build configuration list for PBXNativeTarget "JournalObjC" */ = {
			isa = XCConfigurationList;
			buildConfigurations = (
				63985142230B20A70015A46B /* Debug */,
				63985143230B20A70015A46B /* Release */,
			);
			defaultConfigurationIsVisible = 0;
			defaultConfigurationName = Release;
		};
/* End XCConfigurationList section */
	};
	rootObject = 63985123230B20A60015A46B /* Project object */;
}
